PODS:
  - PMCircularCollectionView (0.0.6):
    - PMUtils
  - PMUtils (0.0.19)

DEPENDENCIES:
  - PMCircularCollectionView (from `../PMCircularCollectionView.podspec`)

EXTERNAL SOURCES:
  PMCircularCollectionView:
    :path: ../PMCircularCollectionView.podspec

SPEC CHECKSUMS:
  PMCircularCollectionView: 9a5cab78bb311c96996ef45b0f7dfe61affeb22b
  PMUtils: 3ee38c6bc6eff7fe001d79ab8dfca5abdca02b56

COCOAPODS: 0.29.0
