PODS:
  - PMCircularCollectionView (0.0.12):
    - PMUtils
  - PMUtils (0.0.21)

DEPENDENCIES:
  - PMCircularCollectionView (from `../PMCircularCollectionView.podspec`)

EXTERNAL SOURCES:
  PMCircularCollectionView:
    :path: ../PMCircularCollectionView.podspec

SPEC CHECKSUMS:
  PMCircularCollectionView: d3f48a8bb9ff9d9c2e8cf6eb3acdfc66d09aa28d
  PMUtils: c257f647f8d1da13279ecc6a9cf3587a8646c50e

COCOAPODS: 0.29.0
