PODS:
  - PMCircularCollectionView (0.0.14):
    - PMUtils
  - PMUtils (0.0.22)

DEPENDENCIES:
  - PMCircularCollectionView (from `../PMCircularCollectionView.podspec`)

EXTERNAL SOURCES:
  PMCircularCollectionView:
    :path: ../PMCircularCollectionView.podspec

SPEC CHECKSUMS:
  PMCircularCollectionView: a4ba92c82b58fd5ec2e171222ba0775ec4f293b3
  PMUtils: 3f78b4111db1a6cf9a3f9efc1aff17f0744d5192

COCOAPODS: 0.29.0
